
Microsoft Visual Studio Solution File, Format Version 12.00
# Visual Studio Version 17
VisualStudioVersion = 17.9.34728.123
MinimumVisualStudioVersion = 10.0.40219.1
Project("{9A19103F-16F7-4668-BE54-9A1E7A4F7556}") = "RealEstate", "RealEstate.csproj", "{CDA11837-878B-417B-B955-D761605CCB0F}"
EndProject
Project("{9A19103F-16F7-4668-BE54-9A1E7A4F7556}") = "RealEstate.Core", "..\RealEstate.Core\RealEstate.Core.csproj", "{3A63B4D2-2F4E-452D-9864-680F149AFD0A}"
EndProject
Project("{54435603-DBB4-11D2-8724-00A0C9A8B90C}") = "RealEstateApp", "..\RealEstateApp\RealEstateApp.vdproj", "{D2C404D6-A7B4-434D-B1A1-A452B43657C1}"
EndProject
Global
	GlobalSection(SolutionConfigurationPlatforms) = preSolution
		Debug|Any CPU = Debug|Any CPU
		Release|Any CPU = Release|Any CPU
	EndGlobalSection
	GlobalSection(ProjectConfigurationPlatforms) = postSolution
		{CDA11837-878B-417B-B955-D761605CCB0F}.Debug|Any CPU.ActiveCfg = Debug|Any CPU
		{CDA11837-878B-417B-B955-D761605CCB0F}.Debug|Any CPU.Build.0 = Debug|Any CPU
		{CDA11837-878B-417B-B955-D761605CCB0F}.Release|Any CPU.ActiveCfg = Release|Any CPU
		{CDA11837-878B-417B-B955-D761605CCB0F}.Release|Any CPU.Build.0 = Release|Any CPU
		{3A63B4D2-2F4E-452D-9864-680F149AFD0A}.Debug|Any CPU.ActiveCfg = Debug|Any CPU
		{3A63B4D2-2F4E-452D-9864-680F149AFD0A}.Debug|Any CPU.Build.0 = Debug|Any CPU
		{3A63B4D2-2F4E-452D-9864-680F149AFD0A}.Release|Any CPU.ActiveCfg = Release|Any CPU
		{3A63B4D2-2F4E-452D-9864-680F149AFD0A}.Release|Any CPU.Build.0 = Release|Any CPU
		{D2C404D6-A7B4-434D-B1A1-A452B43657C1}.Debug|Any CPU.ActiveCfg = Debug
		{D2C404D6-A7B4-434D-B1A1-A452B43657C1}.Release|Any CPU.ActiveCfg = Release
	EndGlobalSection
	GlobalSection(SolutionProperties) = preSolution
		HideSolutionNode = FALSE
	EndGlobalSection
	GlobalSection(ExtensibilityGlobals) = postSolution
		SolutionGuid = {FFF8A50E-A387-4C35-A613-DBC6C8DBB8B9}
	EndGlobalSection
EndGlobal
